// !$*UTF8*$!
{
	archiveVersion = 1;
	classes = {
	};
	objectVersion = 50;
	objects = {

/* Begin PBXBuildFile section */
		5009AC4423A23E0E0039A281 /* Helper.swift in Sources */ = {isa = PBXBuildFile; fileRef = 5009AC4323A23E0E0039A281 /* Helper.swift */; };
		501D188423A1199D00BB739E /* NSAttributedString+htmlDecode.swift in Sources */ = {isa = PBXBuildFile; fileRef = 501D188323A1199D00BB739E /* NSAttributedString+htmlDecode.swift */; };
		50697F7A2394E8F900364BDB /* AppDelegate.swift in Sources */ = {isa = PBXBuildFile; fileRef = 50697F792394E8F900364BDB /* AppDelegate.swift */; };
		50697F7C2394E8F900364BDB /* SearchViewController.swift in Sources */ = {isa = PBXBuildFile; fileRef = 50697F7B2394E8F900364BDB /* SearchViewController.swift */; };
		50697F7F2394E8F900364BDB /* Main.storyboard in Resources */ = {isa = PBXBuildFile; fileRef = 50697F7D2394E8F900364BDB /* Main.storyboard */; };
		50697F812394E8FA00364BDB /* Assets.xcassets in Resources */ = {isa = PBXBuildFile; fileRef = 50697F802394E8FA00364BDB /* Assets.xcassets */; };
		50697F842394E8FA00364BDB /* LaunchScreen.storyboard in Resources */ = {isa = PBXBuildFile; fileRef = 50697F822394E8FA00364BDB /* LaunchScreen.storyboard */; };
		50697F8F2395268000364BDB /* Job.swift in Sources */ = {isa = PBXBuildFile; fileRef = 50697F8E2395268000364BDB /* Job.swift */; };
		507B684823979C550026F732 /* JobTableViewCell.swift in Sources */ = {isa = PBXBuildFile; fileRef = 507B684623979C550026F732 /* JobTableViewCell.swift */; };
		507B684923979C550026F732 /* JobTableViewCell.xib in Resources */ = {isa = PBXBuildFile; fileRef = 507B684723979C550026F732 /* JobTableViewCell.xib */; };
		507B684B2397DA770026F732 /* DetailJobViewController.swift in Sources */ = {isa = PBXBuildFile; fileRef = 507B684A2397DA770026F732 /* DetailJobViewController.swift */; };
		50AE2323239F8C0200FC4D87 /* HeadCell.swift in Sources */ = {isa = PBXBuildFile; fileRef = 50AE2321239F8C0200FC4D87 /* HeadCell.swift */; };
		50AE2327239F973B00FC4D87 /* CompanyCell.swift in Sources */ = {isa = PBXBuildFile; fileRef = 50AE2325239F973B00FC4D87 /* CompanyCell.swift */; };
		50AE2328239F973B00FC4D87 /* CompanyCell.xib in Resources */ = {isa = PBXBuildFile; fileRef = 50AE2326239F973B00FC4D87 /* CompanyCell.xib */; };
		50AE232B239F9CE200FC4D87 /* AdressCell.swift in Sources */ = {isa = PBXBuildFile; fileRef = 50AE2329239F9CE200FC4D87 /* AdressCell.swift */; };
		50AE232C239F9CE200FC4D87 /* AdressCell.xib in Resources */ = {isa = PBXBuildFile; fileRef = 50AE232A239F9CE200FC4D87 /* AdressCell.xib */; };
		50AE232E239FBB1300FC4D87 /* HeadCell.xib in Resources */ = {isa = PBXBuildFile; fileRef = 50AE232D239FBB1200FC4D87 /* HeadCell.xib */; };
		50AE2331239FBB8F00FC4D87 /* DescriptionCell.swift in Sources */ = {isa = PBXBuildFile; fileRef = 50AE232F239FBB8F00FC4D87 /* DescriptionCell.swift */; };
		50AE2332239FBB8F00FC4D87 /* DescriptionCell.xib in Resources */ = {isa = PBXBuildFile; fileRef = 50AE2330239FBB8F00FC4D87 /* DescriptionCell.xib */; };
		50AE2335239FC31D00FC4D87 /* ContactsCell.swift in Sources */ = {isa = PBXBuildFile; fileRef = 50AE2333239FC31D00FC4D87 /* ContactsCell.swift */; };
		50AE2336239FC31D00FC4D87 /* ContactsCell.xib in Resources */ = {isa = PBXBuildFile; fileRef = 50AE2334239FC31D00FC4D87 /* ContactsCell.xib */; };
		50AE2338239FC70900FC4D87 /* Vacancy.swift in Sources */ = {isa = PBXBuildFile; fileRef = 50AE2337239FC70900FC4D87 /* Vacancy.swift */; };
		50FE4CB7239683EA00CD15F2 /* SearchSettingsViewController.swift in Sources */ = {isa = PBXBuildFile; fileRef = 50FE4CB6239683EA00CD15F2 /* SearchSettingsViewController.swift */; };
		50FE4CDB2396D96A00CD15F2 /* NetworkRequest.swift in Sources */ = {isa = PBXBuildFile; fileRef = 50FE4CDA2396D96A00CD15F2 /* NetworkRequest.swift */; };
/* End PBXBuildFile section */

/* Begin PBXFileReference section */
		5009AC4323A23E0E0039A281 /* Helper.swift */ = {isa = PBXFileReference; lastKnownFileType = sourcecode.swift; path = Helper.swift; sourceTree = "<group>"; };
		501D188323A1199D00BB739E /* NSAttributedString+htmlDecode.swift */ = {isa = PBXFileReference; lastKnownFileType = sourcecode.swift; path = "NSAttributedString+htmlDecode.swift"; sourceTree = "<group>"; };
		50697F762394E8F900364BDB /* GetWork.app */ = {isa = PBXFileReference; explicitFileType = wrapper.application; includeInIndex = 0; path = GetWork.app; sourceTree = BUILT_PRODUCTS_DIR; };
		50697F792394E8F900364BDB /* AppDelegate.swift */ = {isa = PBXFileReference; lastKnownFileType = sourcecode.swift; path = AppDelegate.swift; sourceTree = "<group>"; };
		50697F7B2394E8F900364BDB /* SearchViewController.swift */ = {isa = PBXFileReference; lastKnownFileType = sourcecode.swift; path = SearchViewController.swift; sourceTree = "<group>"; };
		50697F7E2394E8F900364BDB /* Base */ = {isa = PBXFileReference; lastKnownFileType = file.storyboard; name = Base; path = Base.lproj/Main.storyboard; sourceTree = "<group>"; };
		50697F802394E8FA00364BDB /* Assets.xcassets */ = {isa = PBXFileReference; lastKnownFileType = folder.assetcatalog; path = Assets.xcassets; sourceTree = "<group>"; };
		50697F832394E8FA00364BDB /* Base */ = {isa = PBXFileReference; lastKnownFileType = file.storyboard; name = Base; path = Base.lproj/LaunchScreen.storyboard; sourceTree = "<group>"; };
		50697F852394E8FA00364BDB /* Info.plist */ = {isa = PBXFileReference; lastKnownFileType = text.plist.xml; path = Info.plist; sourceTree = "<group>"; };
		50697F8E2395268000364BDB /* Job.swift */ = {isa = PBXFileReference; lastKnownFileType = sourcecode.swift; path = Job.swift; sourceTree = "<group>"; };
		507B684623979C550026F732 /* JobTableViewCell.swift */ = {isa = PBXFileReference; lastKnownFileType = sourcecode.swift; path = JobTableViewCell.swift; sourceTree = "<group>"; };
		507B684723979C550026F732 /* JobTableViewCell.xib */ = {isa = PBXFileReference; lastKnownFileType = file.xib; path = JobTableViewCell.xib; sourceTree = "<group>"; };
		507B684A2397DA770026F732 /* DetailJobViewController.swift */ = {isa = PBXFileReference; lastKnownFileType = sourcecode.swift; path = DetailJobViewController.swift; sourceTree = "<group>"; };
		50AE2321239F8C0200FC4D87 /* HeadCell.swift */ = {isa = PBXFileReference; lastKnownFileType = sourcecode.swift; path = HeadCell.swift; sourceTree = "<group>"; };
		50AE2325239F973B00FC4D87 /* CompanyCell.swift */ = {isa = PBXFileReference; lastKnownFileType = sourcecode.swift; path = CompanyCell.swift; sourceTree = "<group>"; };
		50AE2326239F973B00FC4D87 /* CompanyCell.xib */ = {isa = PBXFileReference; lastKnownFileType = file.xib; path = CompanyCell.xib; sourceTree = "<group>"; };
		50AE2329239F9CE200FC4D87 /* AdressCell.swift */ = {isa = PBXFileReference; lastKnownFileType = sourcecode.swift; path = AdressCell.swift; sourceTree = "<group>"; };
		50AE232A239F9CE200FC4D87 /* AdressCell.xib */ = {isa = PBXFileReference; lastKnownFileType = file.xib; path = AdressCell.xib; sourceTree = "<group>"; };
		50AE232D239FBB1200FC4D87 /* HeadCell.xib */ = {isa = PBXFileReference; fileEncoding = 4; lastKnownFileType = file.xib; path = HeadCell.xib; sourceTree = "<group>"; };
		50AE232F239FBB8F00FC4D87 /* DescriptionCell.swift */ = {isa = PBXFileReference; lastKnownFileType = sourcecode.swift; path = DescriptionCell.swift; sourceTree = "<group>"; };
		50AE2330239FBB8F00FC4D87 /* DescriptionCell.xib */ = {isa = PBXFileReference; lastKnownFileType = file.xib; path = DescriptionCell.xib; sourceTree = "<group>"; };
		50AE2333239FC31D00FC4D87 /* ContactsCell.swift */ = {isa = PBXFileReference; lastKnownFileType = sourcecode.swift; path = ContactsCell.swift; sourceTree = "<group>"; };
		50AE2334239FC31D00FC4D87 /* ContactsCell.xib */ = {isa = PBXFileReference; lastKnownFileType = file.xib; path = ContactsCell.xib; sourceTree = "<group>"; };
		50AE2337239FC70900FC4D87 /* Vacancy.swift */ = {isa = PBXFileReference; lastKnownFileType = sourcecode.swift; path = Vacancy.swift; sourceTree = "<group>"; };
		50FE4CB6239683EA00CD15F2 /* SearchSettingsViewController.swift */ = {isa = PBXFileReference; lastKnownFileType = sourcecode.swift; path = SearchSettingsViewController.swift; sourceTree = "<group>"; };
		50FE4CDA2396D96A00CD15F2 /* NetworkRequest.swift */ = {isa = PBXFileReference; lastKnownFileType = sourcecode.swift; path = NetworkRequest.swift; sourceTree = "<group>"; };
/* End PBXFileReference section */

/* Begin PBXFrameworksBuildPhase section */
		50697F732394E8F800364BDB /* Frameworks */ = {
			isa = PBXFrameworksBuildPhase;
			buildActionMask = 2147483647;
			files = (
			);
			runOnlyForDeploymentPostprocessing = 0;
		};
/* End PBXFrameworksBuildPhase section */

/* Begin PBXGroup section */
		501D188223A1194700BB739E /* Extensions */ = {
			isa = PBXGroup;
			children = (
				501D188323A1199D00BB739E /* NSAttributedString+htmlDecode.swift */,
			);
			path = Extensions;
			sourceTree = "<group>";
		};
		50697F6D2394E8F800364BDB = {
			isa = PBXGroup;
			children = (
				50697F782394E8F900364BDB /* GetWork */,
				50697F772394E8F900364BDB /* Products */,
			);
			sourceTree = "<group>";
		};
		50697F772394E8F900364BDB /* Products */ = {
			isa = PBXGroup;
			children = (
				50697F762394E8F900364BDB /* GetWork.app */,
			);
			name = Products;
			sourceTree = "<group>";
		};
		50697F782394E8F900364BDB /* GetWork */ = {
			isa = PBXGroup;
			children = (
				501D188223A1194700BB739E /* Extensions */,
				50FE4CB32396838F00CD15F2 /* Controller */,
				50FE4CB82396857C00CD15F2 /* Networking */,
				50FE4CB52396839F00CD15F2 /* View */,
				50697F8D2394ED9C00364BDB /* Model */,
				50697F8B2394E91600364BDB /* Supporting FIles */,
				50697F802394E8FA00364BDB /* Assets.xcassets */,
				50697F852394E8FA00364BDB /* Info.plist */,
			);
			path = GetWork;
			sourceTree = "<group>";
		};
		50697F8B2394E91600364BDB /* Supporting FIles */ = {
			isa = PBXGroup;
			children = (
				50697F792394E8F900364BDB /* AppDelegate.swift */,
				50697F822394E8FA00364BDB /* LaunchScreen.storyboard */,
				5009AC4323A23E0E0039A281 /* Helper.swift */,
			);
			path = "Supporting FIles";
			sourceTree = "<group>";
		};
		50697F8D2394ED9C00364BDB /* Model */ = {
			isa = PBXGroup;
			children = (
				50697F8E2395268000364BDB /* Job.swift */,
				50AE2337239FC70900FC4D87 /* Vacancy.swift */,
			);
			path = Model;
			sourceTree = "<group>";
		};
		50AE231E239F7A5500FC4D87 /* DetailJobCells */ = {
			isa = PBXGroup;
			children = (
				50AE2321239F8C0200FC4D87 /* HeadCell.swift */,
				50AE232D239FBB1200FC4D87 /* HeadCell.xib */,
				50AE2325239F973B00FC4D87 /* CompanyCell.swift */,
				50AE2326239F973B00FC4D87 /* CompanyCell.xib */,
				50AE2329239F9CE200FC4D87 /* AdressCell.swift */,
				50AE232A239F9CE200FC4D87 /* AdressCell.xib */,
				50AE232F239FBB8F00FC4D87 /* DescriptionCell.swift */,
				50AE2330239FBB8F00FC4D87 /* DescriptionCell.xib */,
				50AE2333239FC31D00FC4D87 /* ContactsCell.swift */,
				50AE2334239FC31D00FC4D87 /* ContactsCell.xib */,
			);
			path = DetailJobCells;
			sourceTree = "<group>";
		};
		50FE4CB32396838F00CD15F2 /* Controller */ = {
			isa = PBXGroup;
			children = (
				50697F7B2394E8F900364BDB /* SearchViewController.swift */,
				50FE4CB6239683EA00CD15F2 /* SearchSettingsViewController.swift */,
				507B684A2397DA770026F732 /* DetailJobViewController.swift */,
			);
			path = Controller;
			sourceTree = "<group>";
		};
		50FE4CB52396839F00CD15F2 /* View */ = {
			isa = PBXGroup;
			children = (
				50AE231E239F7A5500FC4D87 /* DetailJobCells */,
				507B684623979C550026F732 /* JobTableViewCell.swift */,
				507B684723979C550026F732 /* JobTableViewCell.xib */,
				50697F7D2394E8F900364BDB /* Main.storyboard */,
			);
			path = View;
			sourceTree = "<group>";
		};
		50FE4CB82396857C00CD15F2 /* Networking */ = {
			isa = PBXGroup;
			children = (
				50FE4CDA2396D96A00CD15F2 /* NetworkRequest.swift */,
			);
			path = Networking;
			sourceTree = "<group>";
		};
/* End PBXGroup section */

/* Begin PBXNativeTarget section */
		50697F752394E8F800364BDB /* GetWork */ = {
			isa = PBXNativeTarget;
			buildConfigurationList = 50697F882394E8FA00364BDB /* Build configuration list for PBXNativeTarget "GetWork" */;
			buildPhases = (
				50697F722394E8F800364BDB /* Sources */,
				50697F732394E8F800364BDB /* Frameworks */,
				50697F742394E8F800364BDB /* Resources */,
			);
			buildRules = (
			);
			dependencies = (
			);
			name = GetWork;
			productName = GetWork;
			productReference = 50697F762394E8F900364BDB /* GetWork.app */;
			productType = "com.apple.product-type.application";
		};
/* End PBXNativeTarget section */

/* Begin PBXProject section */
		50697F6E2394E8F800364BDB /* Project object */ = {
			isa = PBXProject;
			attributes = {
				LastSwiftUpdateCheck = 1020;
				LastUpgradeCheck = 1020;
				ORGANIZATIONNAME = chulkov;
				TargetAttributes = {
					50697F752394E8F800364BDB = {
						CreatedOnToolsVersion = 10.2.1;
					};
				};
			};
			buildConfigurationList = 50697F712394E8F800364BDB /* Build configuration list for PBXProject "GetWork" */;
			compatibilityVersion = "Xcode 9.3";
			developmentRegion = en;
			hasScannedForEncodings = 0;
			knownRegions = (
				en,
				Base,
			);
			mainGroup = 50697F6D2394E8F800364BDB;
			productRefGroup = 50697F772394E8F900364BDB /* Products */;
			projectDirPath = "";
			projectRoot = "";
			targets = (
				50697F752394E8F800364BDB /* GetWork */,
			);
		};
/* End PBXProject section */

/* Begin PBXResourcesBuildPhase section */
		50697F742394E8F800364BDB /* Resources */ = {
			isa = PBXResourcesBuildPhase;
			buildActionMask = 2147483647;
			files = (
				50AE2332239FBB8F00FC4D87 /* DescriptionCell.xib in Resources */,
				50697F842394E8FA00364BDB /* LaunchScreen.storyboard in Resources */,
				50697F812394E8FA00364BDB /* Assets.xcassets in Resources */,
				50AE2328239F973B00FC4D87 /* CompanyCell.xib in Resources */,
				50697F7F2394E8F900364BDB /* Main.storyboard in Resources */,
				507B684923979C550026F732 /* JobTableViewCell.xib in Resources */,
				50AE2336239FC31D00FC4D87 /* ContactsCell.xib in Resources */,
				50AE232C239F9CE200FC4D87 /* AdressCell.xib in Resources */,
				50AE232E239FBB1300FC4D87 /* HeadCell.xib in Resources */,
			);
			runOnlyForDeploymentPostprocessing = 0;
		};
/* End PBXResourcesBuildPhase section */

/* Begin PBXSourcesBuildPhase section */
		50697F722394E8F800364BDB /* Sources */ = {
			isa = PBXSourcesBuildPhase;
			buildActionMask = 2147483647;
			files = (
				50AE2323239F8C0200FC4D87 /* HeadCell.swift in Sources */,
				50697F7C2394E8F900364BDB /* SearchViewController.swift in Sources */,
				5009AC4423A23E0E0039A281 /* Helper.swift in Sources */,
				50697F8F2395268000364BDB /* Job.swift in Sources */,
				50697F7A2394E8F900364BDB /* AppDelegate.swift in Sources */,
				50AE2327239F973B00FC4D87 /* CompanyCell.swift in Sources */,
				507B684B2397DA770026F732 /* DetailJobViewController.swift in Sources */,
				50AE2338239FC70900FC4D87 /* Vacancy.swift in Sources */,
				507B684823979C550026F732 /* JobTableViewCell.swift in Sources */,
				50FE4CB7239683EA00CD15F2 /* SearchSettingsViewController.swift in Sources */,
				50AE2335239FC31D00FC4D87 /* ContactsCell.swift in Sources */,
				501D188423A1199D00BB739E /* NSAttributedString+htmlDecode.swift in Sources */,
				50FE4CDB2396D96A00CD15F2 /* NetworkRequest.swift in Sources */,
				50AE2331239FBB8F00FC4D87 /* DescriptionCell.swift in Sources */,
				50AE232B239F9CE200FC4D87 /* AdressCell.swift in Sources */,
			);
			runOnlyForDeploymentPostprocessing = 0;
		};
/* End PBXSourcesBuildPhase section */

/* Begin PBXVariantGroup section */
		50697F7D2394E8F900364BDB /* Main.storyboard */ = {
			isa = PBXVariantGroup;
			children = (
				50697F7E2394E8F900364BDB /* Base */,
			);
			name = Main.storyboard;
			sourceTree = "<group>";
		};
		50697F822394E8FA00364BDB /* LaunchScreen.storyboard */ = {
			isa = PBXVariantGroup;
			children = (
				50697F832394E8FA00364BDB /* Base */,
			);
			name = LaunchScreen.storyboard;
			sourceTree = "<group>";
		};
/* End PBXVariantGroup section */

/* Begin XCBuildConfiguration section */
		50697F862394E8FA00364BDB /* Debug */ = {
			isa = XCBuildConfiguration;
			buildSettings = {
				ALWAYS_SEARCH_USER_PATHS = NO;
				CLANG_ANALYZER_NONNULL = YES;
				CLANG_ANALYZER_NUMBER_OBJECT_CONVERSION = YES_AGGRESSIVE;
				CLANG_CXX_LANGUAGE_STANDARD = "gnu++14";
				CLANG_CXX_LIBRARY = "libc++";
				CLANG_ENABLE_MODULES = YES;
				CLANG_ENABLE_OBJC_ARC = YES;
				CLANG_ENABLE_OBJC_WEAK = YES;
				CLANG_WARN_BLOCK_CAPTURE_AUTORELEASING = YES;
				CLANG_WARN_BOOL_CONVERSION = YES;
				CLANG_WARN_COMMA = YES;
				CLANG_WARN_CONSTANT_CONVERSION = YES;
				CLANG_WARN_DEPRECATED_OBJC_IMPLEMENTATIONS = YES;
				CLANG_WARN_DIRECT_OBJC_ISA_USAGE = YES_ERROR;
				CLANG_WARN_DOCUMENTATION_COMMENTS = YES;
				CLANG_WARN_EMPTY_BODY = YES;
				CLANG_WARN_ENUM_CONVERSION = YES;
				CLANG_WARN_INFINITE_RECURSION = YES;
				CLANG_WARN_INT_CONVERSION = YES;
				CLANG_WARN_NON_LITERAL_NULL_CONVERSION = YES;
				CLANG_WARN_OBJC_IMPLICIT_RETAIN_SELF = YES;
				CLANG_WARN_OBJC_LITERAL_CONVERSION = YES;
				CLANG_WARN_OBJC_ROOT_CLASS = YES_ERROR;
				CLANG_WARN_RANGE_LOOP_ANALYSIS = YES;
				CLANG_WARN_STRICT_PROTOTYPES = YES;
				CLANG_WARN_SUSPICIOUS_MOVE = YES;
				CLANG_WARN_UNGUARDED_AVAILABILITY = YES_AGGRESSIVE;
				CLANG_WARN_UNREACHABLE_CODE = YES;
				CLANG_WARN__DUPLICATE_METHOD_MATCH = YES;
				CODE_SIGN_IDENTITY = "iPhone Developer";
				COPY_PHASE_STRIP = NO;
				DEBUG_INFORMATION_FORMAT = dwarf;
				ENABLE_STRICT_OBJC_MSGSEND = YES;
				ENABLE_TESTABILITY = YES;
				GCC_C_LANGUAGE_STANDARD = gnu11;
				GCC_DYNAMIC_NO_PIC = NO;
				GCC_NO_COMMON_BLOCKS = YES;
				GCC_OPTIMIZATION_LEVEL = 0;
				GCC_PREPROCESSOR_DEFINITIONS = (
					"DEBUG=1",
					"$(inherited)",
				);
				GCC_WARN_64_TO_32_BIT_CONVERSION = YES;
				GCC_WARN_ABOUT_RETURN_TYPE = YES_ERROR;
				GCC_WARN_UNDECLARED_SELECTOR = YES;
				GCC_WARN_UNINITIALIZED_AUTOS = YES_AGGRESSIVE;
				GCC_WARN_UNUSED_FUNCTION = YES;
				GCC_WARN_UNUSED_VARIABLE = YES;
				IPHONEOS_DEPLOYMENT_TARGET = 12.2;
				MTL_ENABLE_DEBUG_INFO = INCLUDE_SOURCE;
				MTL_FAST_MATH = YES;
				ONLY_ACTIVE_ARCH = YES;
				SDKROOT = iphoneos;
				SWIFT_ACTIVE_COMPILATION_CONDITIONS = DEBUG;
				SWIFT_OPTIMIZATION_LEVEL = "-Onone";
			};
			name = Debug;
		};
		50697F872394E8FA00364BDB /* Release */ = {
			isa = XCBuildConfiguration;
			buildSettings = {
				ALWAYS_SEARCH_USER_PATHS = NO;
				CLANG_ANALYZER_NONNULL = YES;
				CLANG_ANALYZER_NUMBER_OBJECT_CONVERSION = YES_AGGRESSIVE;
				CLANG_CXX_LANGUAGE_STANDARD = "gnu++14";
				CLANG_CXX_LIBRARY = "libc++";
				CLANG_ENABLE_MODULES = YES;
				CLANG_ENABLE_OBJC_ARC = YES;
				CLANG_ENABLE_OBJC_WEAK = YES;
				CLANG_WARN_BLOCK_CAPTURE_AUTORELEASING = YES;
				CLANG_WARN_BOOL_CONVERSION = YES;
				CLANG_WARN_COMMA = YES;
				CLANG_WARN_CONSTANT_CONVERSION = YES;
				CLANG_WARN_DEPRECATED_OBJC_IMPLEMENTATIONS = YES;
				CLANG_WARN_DIRECT_OBJC_ISA_USAGE = YES_ERROR;
				CLANG_WARN_DOCUMENTATION_COMMENTS = YES;
				CLANG_WARN_EMPTY_BODY = YES;
				CLANG_WARN_ENUM_CONVERSION = YES;
				CLANG_WARN_INFINITE_RECURSION = YES;
				CLANG_WARN_INT_CONVERSION = YES;
				CLANG_WARN_NON_LITERAL_NULL_CONVERSION = YES;
				CLANG_WARN_OBJC_IMPLICIT_RETAIN_SELF = YES;
				CLANG_WARN_OBJC_LITERAL_CONVERSION = YES;
				CLANG_WARN_OBJC_ROOT_CLASS = YES_ERROR;
				CLANG_WARN_RANGE_LOOP_ANALYSIS = YES;
				CLANG_WARN_STRICT_PROTOTYPES = YES;
				CLANG_WARN_SUSPICIOUS_MOVE = YES;
				CLANG_WARN_UNGUARDED_AVAILABILITY = YES_AGGRESSIVE;
				CLANG_WARN_UNREACHABLE_CODE = YES;
				CLANG_WARN__DUPLICATE_METHOD_MATCH = YES;
				CODE_SIGN_IDENTITY = "iPhone Developer";
				COPY_PHASE_STRIP = NO;
				DEBUG_INFORMATION_FORMAT = "dwarf-with-dsym";
				ENABLE_NS_ASSERTIONS = NO;
				ENABLE_STRICT_OBJC_MSGSEND = YES;
				GCC_C_LANGUAGE_STANDARD = gnu11;
				GCC_NO_COMMON_BLOCKS = YES;
				GCC_WARN_64_TO_32_BIT_CONVERSION = YES;
				GCC_WARN_ABOUT_RETURN_TYPE = YES_ERROR;
				GCC_WARN_UNDECLARED_SELECTOR = YES;
				GCC_WARN_UNINITIALIZED_AUTOS = YES_AGGRESSIVE;
				GCC_WARN_UNUSED_FUNCTION = YES;
				GCC_WARN_UNUSED_VARIABLE = YES;
				IPHONEOS_DEPLOYMENT_TARGET = 12.2;
				MTL_ENABLE_DEBUG_INFO = NO;
				MTL_FAST_MATH = YES;
				SDKROOT = iphoneos;
				SWIFT_COMPILATION_MODE = wholemodule;
				SWIFT_OPTIMIZATION_LEVEL = "-O";
				VALIDATE_PRODUCT = YES;
			};
			name = Release;
		};
		50697F892394E8FA00364BDB /* Debug */ = {
			isa = XCBuildConfiguration;
			buildSettings = {
				ASSETCATALOG_COMPILER_APPICON_NAME = AppIcon;
				CODE_SIGN_STYLE = Automatic;
				DEVELOPMENT_TEAM = Z7KA64TA2D;
				INFOPLIST_FILE = GetWork/Info.plist;
				LD_RUNPATH_SEARCH_PATHS = (
					"$(inherited)",
					"@executable_path/Frameworks",
				);
				PRODUCT_BUNDLE_IDENTIFIER = com.chlkv.GetWork;
				PRODUCT_NAME = "$(TARGET_NAME)";
				SWIFT_VERSION = 5.0;
				TARGETED_DEVICE_FAMILY = "1,2";
			};
			name = Debug;
		};
		50697F8A2394E8FA00364BDB /* Release */ = {
			isa = XCBuildConfiguration;
			buildSettings = {
				ASSETCATALOG_COMPILER_APPICON_NAME = AppIcon;
				CODE_SIGN_STYLE = Automatic;
				DEVELOPMENT_TEAM = Z7KA64TA2D;
				INFOPLIST_FILE = GetWork/Info.plist;
				LD_RUNPATH_SEARCH_PATHS = (
					"$(inherited)",
					"@executable_path/Frameworks",
				);
				PRODUCT_BUNDLE_IDENTIFIER = com.chlkv.GetWork;
				PRODUCT_NAME = "$(TARGET_NAME)";
				SWIFT_VERSION = 5.0;
				TARGETED_DEVICE_FAMILY = "1,2";
			};
			name = Release;
		};
/* End XCBuildConfiguration section */

/* Begin XCConfigurationList section */
		50697F712394E8F800364BDB /* Build configuration list for PBXProject "GetWork" */ = {
			isa = XCConfigurationList;
			buildConfigurations = (
				50697F862394E8FA00364BDB /* Debug */,
				50697F872394E8FA00364BDB /* Release */,
			);
			defaultConfigurationIsVisible = 0;
			defaultConfigurationName = Release;
		};
		50697F882394E8FA00364BDB /* Build configuration list for PBXNativeTarget "GetWork" */ = {
			isa = XCConfigurationList;
			buildConfigurations = (
				50697F892394E8FA00364BDB /* Debug */,
				50697F8A2394E8FA00364BDB /* Release */,
			);
			defaultConfigurationIsVisible = 0;
			defaultConfigurationName = Release;
		};
/* End XCConfigurationList section */
	};
	rootObject = 50697F6E2394E8F800364BDB /* Project object */;
}
